
Microsoft Visual Studio Solution File, Format Version 12.00
# Visual Studio 2013
VisualStudioVersion = 12.0.21005.1
MinimumVisualStudioVersion = 10.0.40219.1
Project("{FAE04EC0-301F-11D3-BF4B-00C04F79EFBC}") = "ZoomableImage", "ZoomableImage\ZoomableImage.csproj", "{F190CBED-E1CA-4DD4-81A0-5E75254C78FB}"
EndProject
Project("{FAE04EC0-301F-11D3-BF4B-00C04F79EFBC}") = "ZoomableImage.Cmd", "ZoomableImage.Cmd\ZoomableImage.Cmd.csproj", "{F5B6C345-E7E4-456F-B88A-EAAFA6C61869}"
EndProject
Project("{FAE04EC0-301F-11D3-BF4B-00C04F79EFBC}") = "ZoomableImage.Win", "ZoomableImage.Win\ZoomableImage.Win.csproj", "{4FF1C115-546C-416E-B012-FA56320FA7DE}"
EndProject
Project("{FAE04EC0-301F-11D3-BF4B-00C04F79EFBC}") = "ZoomableImage.Web", "ZoomableImage.Web\ZoomableImage.Web.csproj", "{E64C04BD-0C21-498B-8E7D-F657BD59B083}"
EndProject
Global
	GlobalSection(SolutionConfigurationPlatforms) = preSolution
		Debug|Any CPU = Debug|Any CPU
		Release|Any CPU = Release|Any CPU
	EndGlobalSection
	GlobalSection(ProjectConfigurationPlatforms) = postSolution
		{F190CBED-E1CA-4DD4-81A0-5E75254C78FB}.Debug|Any CPU.ActiveCfg = Release|Any CPU
		{F190CBED-E1CA-4DD4-81A0-5E75254C78FB}.Debug|Any CPU.Build.0 = Release|Any CPU
		{F190CBED-E1CA-4DD4-81A0-5E75254C78FB}.Release|Any CPU.ActiveCfg = Release|Any CPU
		{F190CBED-E1CA-4DD4-81A0-5E75254C78FB}.Release|Any CPU.Build.0 = Release|Any CPU
		{F5B6C345-E7E4-456F-B88A-EAAFA6C61869}.Debug|Any CPU.ActiveCfg = Release|Any CPU
		{F5B6C345-E7E4-456F-B88A-EAAFA6C61869}.Debug|Any CPU.Build.0 = Release|Any CPU
		{F5B6C345-E7E4-456F-B88A-EAAFA6C61869}.Release|Any CPU.ActiveCfg = Release|Any CPU
		{F5B6C345-E7E4-456F-B88A-EAAFA6C61869}.Release|Any CPU.Build.0 = Release|Any CPU
		{4FF1C115-546C-416E-B012-FA56320FA7DE}.Debug|Any CPU.ActiveCfg = Release|Any CPU
		{4FF1C115-546C-416E-B012-FA56320FA7DE}.Debug|Any CPU.Build.0 = Release|Any CPU
		{4FF1C115-546C-416E-B012-FA56320FA7DE}.Release|Any CPU.ActiveCfg = Release|Any CPU
		{4FF1C115-546C-416E-B012-FA56320FA7DE}.Release|Any CPU.Build.0 = Release|Any CPU
		{E64C04BD-0C21-498B-8E7D-F657BD59B083}.Debug|Any CPU.ActiveCfg = Debug|Any CPU
		{E64C04BD-0C21-498B-8E7D-F657BD59B083}.Debug|Any CPU.Build.0 = Debug|Any CPU
		{E64C04BD-0C21-498B-8E7D-F657BD59B083}.Release|Any CPU.ActiveCfg = Release|Any CPU
		{E64C04BD-0C21-498B-8E7D-F657BD59B083}.Release|Any CPU.Build.0 = Release|Any CPU
	EndGlobalSection
	GlobalSection(SolutionProperties) = preSolution
		HideSolutionNode = FALSE
	EndGlobalSection
EndGlobal
